lockfileVersion: '9.0'

settings:
  autoInstallPeers: true
  excludeLinksFromLockfile: false

importers:

  .:
    devDependencies:
      prettier:
        specifier: ^3.2.5
        version: 3.3.3
      turbo:
        specifier: ^2.2.1
        version: 2.2.1
      typescript:
        specifier: ^5.4.5
        version: 5.6.2

  packages/contract:
    dependencies:
      '@repo/typescript-config':
        specifier: workspace:*
        version: link:../typescript-config
      '@ts-rest/core':
        specifier: ^3.51.0
        version: 3.51.0(@types/node@20.16.5)(zod@3.23.8)
      typescript:
        specifier: ^5.4.5
        version: 5.6.2
      zod:
        specifier: ^3.23.8
        version: 3.23.8

  packages/typescript-config: {}

packages:

  '@ts-rest/core@3.51.0':
    resolution: {integrity: sha512-v6lnWEcpZj1UgN9wb84XQ+EORP1QEtncFumoXMJjno5ZUV6vdjKze3MYcQN0C6vjBpIJPQEaI/gab2jr4/0KzQ==}
    peerDependencies:
      '@types/node': ^18.18.7 || >=20.8.4
      zod: ^3.22.3
    peerDependenciesMeta:
      '@types/node':
        optional: true
      zod:
        optional: true

  '@types/node@20.16.5':
    resolution: {integrity: sha512-VwYCweNo3ERajwy0IUlqqcyZ8/A7Zwa9ZP3MnENWcB11AejO+tLy3pu850goUW2FC/IJMdZUfKpX/yxL1gymCA==}

  prettier@3.3.3:
    resolution: {integrity: sha512-i2tDNA0O5IrMO757lfrdQZCc2jPNDVntV0m/+4whiDfWaTKfMNgR7Qz0NAeGz/nRqF4m5/6CLzbP4/liHt12Ew==}
    engines: {node: '>=14'}
    hasBin: true

  turbo-darwin-64@2.2.1:
    resolution: {integrity: sha512-jltMdSQ+7rQDVaorjW729PCw6fwAn1MgZSdoa0Gil7GZCOF3SnR/ok0uJw6G5mdm6F5XM8ZTlz+mdGzBLuBRaA==}
    cpu: [x64]
    os: [darwin]

  turbo-darwin-arm64@2.2.1:
    resolution: {integrity: sha512-RHW0c1NonsJXXlutlZeunmhLanf0/WbeizFfYgWuTEaJE4MbbhyD/RG4Fm/7iob5kxQ4Es2TzfDPqyMqpIO0GA==}
    cpu: [arm64]
    os: [darwin]

  turbo-linux-64@2.2.1:
    resolution: {integrity: sha512-RasrjV+i2B90hoR8r6B2Btf2/ebNT5MJbhkpY0G1EN06E1IkjCKfAXj/1Dwmjy9+Zo0NC2r69L3HxRrtpar8jQ==}
    cpu: [x64]
    os: [linux]

  turbo-linux-arm64@2.2.1:
    resolution: {integrity: sha512-LNkUUJuu1gNkhlo7Ky/zilXEiajLoGlWLiKT1XV5neEf+x1s+aU9Hzd/+HhSVMiyI8l7z6zLbrM1a6+v4co/SQ==}
    cpu: [arm64]
    os: [linux]

  turbo-windows-64@2.2.1:
    resolution: {integrity: sha512-Mn5tlFrLzlQ6tW6wTWNlyT1osXuDUg0VT1VAjRpmRXlK2Zi3oKVVG0rs0nkkq4rmuheryD1xyuGPN9nFKbAn/A==}
    cpu: [x64]
    os: [win32]

  turbo-windows-arm64@2.2.1:
    resolution: {integrity: sha512-bvYOJ3SMN00yiem+uAqwRMbUMau/KiMzJYxnD0YkFo6INc08z8gZi5g0GLZAR7g/L3JegktX3UQW2cJvryjvLg==}
    cpu: [arm64]
    os: [win32]

  turbo@2.2.1:
    resolution: {integrity: sha512-clZFkh6U6NpsLKBVZYRjlZjRTfju1Z5STqvFVaOGu5443uM75alJe1nCYH9pQ9YJoiOvXAqA2rDHWN5kLS9JMg==}
    hasBin: true

  typescript@5.6.2:
    resolution: {integrity: sha512-NW8ByodCSNCwZeghjN3o+JX5OFH0Ojg6sadjEKY4huZ52TqbJTJnDo5+Tw98lSy63NZvi4n+ez5m2u5d4PkZyw==}
    engines: {node: '>=14.17'}
    hasBin: true

  undici-types@6.19.8:
    resolution: {integrity: sha512-ve2KP6f/JnbPBFyobGHuerC9g1FYGn/F8n1LWTwNxCEzd6IfqTwUQcNXgEtmmQ6DlRrC1hrSrBnCZPokRrDHjw==}

  zod@3.23.8:
    resolution: {integrity: sha512-XBx9AXhXktjUqnepgTiE5flcKIYWi/rme0Eaj+5Y0lftuGBq+jyRu/md4WnuxqgP1ubdpNCsYEYPxrzVHD8d6g==}

snapshots:

  '@ts-rest/core@3.51.0(@types/node@20.16.5)(zod@3.23.8)':
    optionalDependencies:
      '@types/node': 20.16.5
      zod: 3.23.8

  '@types/node@20.16.5':
    dependencies:
      undici-types: 6.19.8
    optional: true

  prettier@3.3.3: {}

  turbo-darwin-64@2.2.1:
    optional: true

  turbo-darwin-arm64@2.2.1:
    optional: true

  turbo-linux-64@2.2.1:
    optional: true

  turbo-linux-arm64@2.2.1:
    optional: true

  turbo-windows-64@2.2.1:
    optional: true

  turbo-windows-arm64@2.2.1:
    optional: true

  turbo@2.2.1:
    optionalDependencies:
      turbo-darwin-64: 2.2.1
      turbo-darwin-arm64: 2.2.1
      turbo-linux-64: 2.2.1
      turbo-linux-arm64: 2.2.1
      turbo-windows-64: 2.2.1
      turbo-windows-arm64: 2.2.1

  typescript@5.6.2: {}

  undici-types@6.19.8:
    optional: true

  zod@3.23.8: {}
